
Microsoft Visual Studio Solution File, Format Version 12.00
# Visual Studio 2013
VisualStudioVersion = 12.0.21005.1
MinimumVisualStudioVersion = 10.0.40219.1
Project("{8BC9CEB8-8B4A-11D0-8D11-00A0C91BC942}") = "Double_Dbug", "Double_Dbug\Double_Dbug.vcxproj", "{0839B051-B6F4-45CC-8C6D-609706315E0D}"
EndProject
Project("{8BC9CEB8-8B4A-11D0-8D11-00A0C91BC942}") = "Double_Dbug Package", "Double_Dbug Package\Double_Dbug Package.vcxproj", "{A84F2CE1-45B0-4F5D-B9F0-AC1FBE20FBE1}"
	ProjectSection(ProjectDependencies) = postProject
		{0839B051-B6F4-45CC-8C6D-609706315E0D} = {0839B051-B6F4-45CC-8C6D-609706315E0D}
	EndProjectSection
EndProject
Project("{8BC9CEB8-8B4A-11D0-8D11-00A0C91BC942}") = "TpTest", "TpTest\TpTest.vcxproj", "{D9358CCB-2F83-4D7C-98C6-AC7AC9ACBA4E}"
EndProject
Global
	GlobalSection(SolutionConfigurationPlatforms) = preSolution
		Debug|Mixed Platforms = Debug|Mixed Platforms
		Debug|Win32 = Debug|Win32
		Debug|x64 = Debug|x64
		Release|Mixed Platforms = Release|Mixed Platforms
		Release|Win32 = Release|Win32
		Release|x64 = Release|x64
		Win7 Debug|Mixed Platforms = Win7 Debug|Mixed Platforms
		Win7 Debug|Win32 = Win7 Debug|Win32
		Win7 Debug|x64 = Win7 Debug|x64
		Win7 Release|Mixed Platforms = Win7 Release|Mixed Platforms
		Win7 Release|Win32 = Win7 Release|Win32
		Win7 Release|x64 = Win7 Release|x64
		Win8 Debug|Mixed Platforms = Win8 Debug|Mixed Platforms
		Win8 Debug|Win32 = Win8 Debug|Win32
		Win8 Debug|x64 = Win8 Debug|x64
		Win8 Release|Mixed Platforms = Win8 Release|Mixed Platforms
		Win8 Release|Win32 = Win8 Release|Win32
		Win8 Release|x64 = Win8 Release|x64
		Win8.1 Debug|Mixed Platforms = Win8.1 Debug|Mixed Platforms
		Win8.1 Debug|Win32 = Win8.1 Debug|Win32
		Win8.1 Debug|x64 = Win8.1 Debug|x64
		Win8.1 Release|Mixed Platforms = Win8.1 Release|Mixed Platforms
		Win8.1 Release|Win32 = Win8.1 Release|Win32
		Win8.1 Release|x64 = Win8.1 Release|x64
	EndGlobalSection
	GlobalSection(ProjectConfigurationPlatforms) = postSolution
		{0839B051-B6F4-45CC-8C6D-609706315E0D}.Debug|Mixed Platforms.ActiveCfg = Win8.1 Debug|Win32
		{0839B051-B6F4-45CC-8C6D-609706315E0D}.Debug|Mixed Platforms.Build.0 = Win8.1 Debug|Win32
		{0839B051-B6F4-45CC-8C6D-609706315E0D}.Debug|Win32.ActiveCfg = Win8.1 Debug|Win32
		{0839B051-B6F4-45CC-8C6D-609706315E0D}.Debug|Win32.Build.0 = Win8.1 Debug|Win32
		{0839B051-B6F4-45CC-8C6D-609706315E0D}.Debug|x64.ActiveCfg = Win8.1 Debug|x64
		{0839B051-B6F4-45CC-8C6D-609706315E0D}.Debug|x64.Build.0 = Win8.1 Debug|x64
		{0839B051-B6F4-45CC-8C6D-609706315E0D}.Debug|x64.Deploy.0 = Win8.1 Debug|x64
		{0839B051-B6F4-45CC-8C6D-609706315E0D}.Release|Mixed Platforms.ActiveCfg = Win8.1 Release|Win32
		{0839B051-B6F4-45CC-8C6D-609706315E0D}.Release|Mixed Platforms.Build.0 = Win8.1 Release|Win32
		{0839B051-B6F4-45CC-8C6D-609706315E0D}.Release|Win32.ActiveCfg = Win8.1 Release|Win32
		{0839B051-B6F4-45CC-8C6D-609706315E0D}.Release|Win32.Build.0 = Win8.1 Release|Win32
		{0839B051-B6F4-45CC-8C6D-609706315E0D}.Release|x64.ActiveCfg = Win8.1 Release|x64
		{0839B051-B6F4-45CC-8C6D-609706315E0D}.Release|x64.Build.0 = Win8.1 Release|x64
		{0839B051-B6F4-45CC-8C6D-609706315E0D}.Release|x64.Deploy.0 = Win8.1 Release|x64
		{0839B051-B6F4-45CC-8C6D-609706315E0D}.Win7 Debug|Mixed Platforms.ActiveCfg = Win7 Debug|Win32
		{0839B051-B6F4-45CC-8C6D-609706315E0D}.Win7 Debug|Mixed Platforms.Build.0 = Win7 Debug|Win32
		{0839B051-B6F4-45CC-8C6D-609706315E0D}.Win7 Debug|Win32.ActiveCfg = Win7 Debug|Win32
		{0839B051-B6F4-45CC-8C6D-609706315E0D}.Win7 Debug|Win32.Build.0 = Win7 Debug|Win32
		{0839B051-B6F4-45CC-8C6D-609706315E0D}.Win7 Debug|Win32.Deploy.0 = Win7 Debug|Win32
		{0839B051-B6F4-45CC-8C6D-609706315E0D}.Win7 Debug|x64.ActiveCfg = Win7 Debug|x64
		{0839B051-B6F4-45CC-8C6D-609706315E0D}.Win7 Debug|x64.Build.0 = Win7 Debug|x64
		{0839B051-B6F4-45CC-8C6D-609706315E0D}.Win7 Debug|x64.Deploy.0 = Win7 Debug|x64
		{0839B051-B6F4-45CC-8C6D-609706315E0D}.Win7 Release|Mixed Platforms.ActiveCfg = Win7 Release|Win32
		{0839B051-B6F4-45CC-8C6D-609706315E0D}.Win7 Release|Mixed Platforms.Build.0 = Win7 Release|Win32
		{0839B051-B6F4-45CC-8C6D-609706315E0D}.Win7 Release|Win32.ActiveCfg = Win7 Release|Win32
		{0839B051-B6F4-45CC-8C6D-609706315E0D}.Win7 Release|Win32.Build.0 = Win7 Release|Win32
		{0839B051-B6F4-45CC-8C6D-609706315E0D}.Win7 Release|Win32.Deploy.0 = Win7 Release|Win32
		{0839B051-B6F4-45CC-8C6D-609706315E0D}.Win7 Release|x64.ActiveCfg = Win7 Release|x64
		{0839B051-B6F4-45CC-8C6D-609706315E0D}.Win7 Release|x64.Build.0 = Win7 Release|x64
		{0839B051-B6F4-45CC-8C6D-609706315E0D}.Win7 Release|x64.Deploy.0 = Win7 Release|x64
		{0839B051-B6F4-45CC-8C6D-609706315E0D}.Win8 Debug|Mixed Platforms.ActiveCfg = Win8 Debug|Win32
		{0839B051-B6F4-45CC-8C6D-609706315E0D}.Win8 Debug|Mixed Platforms.Build.0 = Win8 Debug|Win32
		{0839B051-B6F4-45CC-8C6D-609706315E0D}.Win8 Debug|Win32.ActiveCfg = Win8 Debug|Win32
		{0839B051-B6F4-45CC-8C6D-609706315E0D}.Win8 Debug|Win32.Build.0 = Win8 Debug|Win32
		{0839B051-B6F4-45CC-8C6D-609706315E0D}.Win8 Debug|Win32.Deploy.0 = Win8 Debug|Win32
		{0839B051-B6F4-45CC-8C6D-609706315E0D}.Win8 Debug|x64.ActiveCfg = Win8 Debug|x64
		{0839B051-B6F4-45CC-8C6D-609706315E0D}.Win8 Debug|x64.Build.0 = Win8 Debug|x64
		{0839B051-B6F4-45CC-8C6D-609706315E0D}.Win8 Debug|x64.Deploy.0 = Win8 Debug|x64
		{0839B051-B6F4-45CC-8C6D-609706315E0D}.Win8 Release|Mixed Platforms.ActiveCfg = Win8 Release|Win32
		{0839B051-B6F4-45CC-8C6D-609706315E0D}.Win8 Release|Mixed Platforms.Build.0 = Win8 Release|Win32
		{0839B051-B6F4-45CC-8C6D-609706315E0D}.Win8 Release|Win32.ActiveCfg = Win8 Release|Win32
		{0839B051-B6F4-45CC-8C6D-609706315E0D}.Win8 Release|Win32.Build.0 = Win8 Release|Win32
		{0839B051-B6F4-45CC-8C6D-609706315E0D}.Win8 Release|Win32.Deploy.0 = Win8 Release|Win32
		{0839B051-B6F4-45CC-8C6D-609706315E0D}.Win8 Release|x64.ActiveCfg = Win8 Release|x64
		{0839B051-B6F4-45CC-8C6D-609706315E0D}.Win8 Release|x64.Build.0 = Win8 Release|x64
		{0839B051-B6F4-45CC-8C6D-609706315E0D}.Win8 Release|x64.Deploy.0 = Win8 Release|x64
		{0839B051-B6F4-45CC-8C6D-609706315E0D}.Win8.1 Debug|Mixed Platforms.ActiveCfg = Win8.1 Debug|Win32
		{0839B051-B6F4-45CC-8C6D-609706315E0D}.Win8.1 Debug|Mixed Platforms.Build.0 = Win8.1 Debug|Win32
		{0839B051-B6F4-45CC-8C6D-609706315E0D}.Win8.1 Debug|Win32.ActiveCfg = Win8.1 Debug|Win32
		{0839B051-B6F4-45CC-8C6D-609706315E0D}.Win8.1 Debug|Win32.Build.0 = Win8.1 Debug|Win32
		{0839B051-B6F4-45CC-8C6D-609706315E0D}.Win8.1 Debug|Win32.Deploy.0 = Win8.1 Debug|Win32
		{0839B051-B6F4-45CC-8C6D-609706315E0D}.Win8.1 Debug|x64.ActiveCfg = Win8.1 Debug|x64
		{0839B051-B6F4-45CC-8C6D-609706315E0D}.Win8.1 Debug|x64.Build.0 = Win8.1 Debug|x64
		{0839B051-B6F4-45CC-8C6D-609706315E0D}.Win8.1 Debug|x64.Deploy.0 = Win8.1 Debug|x64
		{0839B051-B6F4-45CC-8C6D-609706315E0D}.Win8.1 Release|Mixed Platforms.ActiveCfg = Win8.1 Release|Win32
		{0839B051-B6F4-45CC-8C6D-609706315E0D}.Win8.1 Release|Mixed Platforms.Build.0 = Win8.1 Release|Win32
		{0839B051-B6F4-45CC-8C6D-609706315E0D}.Win8.1 Release|Win32.ActiveCfg = Win8.1 Release|Win32
		{0839B051-B6F4-45CC-8C6D-609706315E0D}.Win8.1 Release|Win32.Build.0 = Win8.1 Release|Win32
		{0839B051-B6F4-45CC-8C6D-609706315E0D}.Win8.1 Release|Win32.Deploy.0 = Win8.1 Release|Win32
		{0839B051-B6F4-45CC-8C6D-609706315E0D}.Win8.1 Release|x64.ActiveCfg = Win8.1 Release|x64
		{0839B051-B6F4-45CC-8C6D-609706315E0D}.Win8.1 Release|x64.Build.0 = Win8.1 Release|x64
		{0839B051-B6F4-45CC-8C6D-609706315E0D}.Win8.1 Release|x64.Deploy.0 = Win8.1 Release|x64
		{A84F2CE1-45B0-4F5D-B9F0-AC1FBE20FBE1}.Debug|Mixed Platforms.ActiveCfg = Win8.1 Debug|Win32
		{A84F2CE1-45B0-4F5D-B9F0-AC1FBE20FBE1}.Debug|Mixed Platforms.Build.0 = Win8.1 Debug|Win32
		{A84F2CE1-45B0-4F5D-B9F0-AC1FBE20FBE1}.Debug|Win32.ActiveCfg = Win8.1 Debug|Win32
		{A84F2CE1-45B0-4F5D-B9F0-AC1FBE20FBE1}.Debug|Win32.Build.0 = Win8.1 Debug|Win32
		{A84F2CE1-45B0-4F5D-B9F0-AC1FBE20FBE1}.Debug|x64.ActiveCfg = Win8.1 Debug|x64
		{A84F2CE1-45B0-4F5D-B9F0-AC1FBE20FBE1}.Debug|x64.Build.0 = Win8.1 Debug|x64
		{A84F2CE1-45B0-4F5D-B9F0-AC1FBE20FBE1}.Debug|x64.Deploy.0 = Win8.1 Debug|x64
		{A84F2CE1-45B0-4F5D-B9F0-AC1FBE20FBE1}.Release|Mixed Platforms.ActiveCfg = Win8.1 Release|Win32
		{A84F2CE1-45B0-4F5D-B9F0-AC1FBE20FBE1}.Release|Mixed Platforms.Build.0 = Win8.1 Release|Win32
		{A84F2CE1-45B0-4F5D-B9F0-AC1FBE20FBE1}.Release|Win32.ActiveCfg = Win8.1 Release|Win32
		{A84F2CE1-45B0-4F5D-B9F0-AC1FBE20FBE1}.Release|Win32.Build.0 = Win8.1 Release|Win32
		{A84F2CE1-45B0-4F5D-B9F0-AC1FBE20FBE1}.Release|x64.ActiveCfg = Win8.1 Release|x64
		{A84F2CE1-45B0-4F5D-B9F0-AC1FBE20FBE1}.Release|x64.Build.0 = Win8.1 Release|x64
		{A84F2CE1-45B0-4F5D-B9F0-AC1FBE20FBE1}.Release|x64.Deploy.0 = Win8.1 Release|x64
		{A84F2CE1-45B0-4F5D-B9F0-AC1FBE20FBE1}.Win7 Debug|Mixed Platforms.ActiveCfg = Win7 Debug|Win32
		{A84F2CE1-45B0-4F5D-B9F0-AC1FBE20FBE1}.Win7 Debug|Mixed Platforms.Build.0 = Win7 Debug|Win32
		{A84F2CE1-45B0-4F5D-B9F0-AC1FBE20FBE1}.Win7 Debug|Win32.ActiveCfg = Win7 Debug|Win32
		{A84F2CE1-45B0-4F5D-B9F0-AC1FBE20FBE1}.Win7 Debug|Win32.Build.0 = Win7 Debug|Win32
		{A84F2CE1-45B0-4F5D-B9F0-AC1FBE20FBE1}.Win7 Debug|Win32.Deploy.0 = Win7 Debug|Win32
		{A84F2CE1-45B0-4F5D-B9F0-AC1FBE20FBE1}.Win7 Debug|x64.ActiveCfg = Win7 Debug|x64
		{A84F2CE1-45B0-4F5D-B9F0-AC1FBE20FBE1}.Win7 Debug|x64.Build.0 = Win7 Debug|x64
		{A84F2CE1-45B0-4F5D-B9F0-AC1FBE20FBE1}.Win7 Debug|x64.Deploy.0 = Win7 Debug|x64
		{A84F2CE1-45B0-4F5D-B9F0-AC1FBE20FBE1}.Win7 Release|Mixed Platforms.ActiveCfg = Win7 Release|Win32
		{A84F2CE1-45B0-4F5D-B9F0-AC1FBE20FBE1}.Win7 Release|Mixed Platforms.Build.0 = Win7 Release|Win32
		{A84F2CE1-45B0-4F5D-B9F0-AC1FBE20FBE1}.Win7 Release|Win32.ActiveCfg = Win7 Release|Win32
		{A84F2CE1-45B0-4F5D-B9F0-AC1FBE20FBE1}.Win7 Release|Win32.Build.0 = Win7 Release|Win32
		{A84F2CE1-45B0-4F5D-B9F0-AC1FBE20FBE1}.Win7 Release|Win32.Deploy.0 = Win7 Release|Win32
		{A84F2CE1-45B0-4F5D-B9F0-AC1FBE20FBE1}.Win7 Release|x64.ActiveCfg = Win7 Release|x64
		{A84F2CE1-45B0-4F5D-B9F0-AC1FBE20FBE1}.Win7 Release|x64.Build.0 = Win7 Release|x64
		{A84F2CE1-45B0-4F5D-B9F0-AC1FBE20FBE1}.Win7 Release|x64.Deploy.0 = Win7 Release|x64
		{A84F2CE1-45B0-4F5D-B9F0-AC1FBE20FBE1}.Win8 Debug|Mixed Platforms.ActiveCfg = Win8 Debug|Win32
		{A84F2CE1-45B0-4F5D-B9F0-AC1FBE20FBE1}.Win8 Debug|Mixed Platforms.Build.0 = Win8 Debug|Win32
		{A84F2CE1-45B0-4F5D-B9F0-AC1FBE20FBE1}.Win8 Debug|Win32.ActiveCfg = Win8 Debug|Win32
		{A84F2CE1-45B0-4F5D-B9F0-AC1FBE20FBE1}.Win8 Debug|Win32.Build.0 = Win8 Debug|Win32
		{A84F2CE1-45B0-4F5D-B9F0-AC1FBE20FBE1}.Win8 Debug|Win32.Deploy.0 = Win8 Debug|Win32
		{A84F2CE1-45B0-4F5D-B9F0-AC1FBE20FBE1}.Win8 Debug|x64.ActiveCfg = Win8 Debug|x64
		{A84F2CE1-45B0-4F5D-B9F0-AC1FBE20FBE1}.Win8 Debug|x64.Build.0 = Win8 Debug|x64
		{A84F2CE1-45B0-4F5D-B9F0-AC1FBE20FBE1}.Win8 Debug|x64.Deploy.0 = Win8 Debug|x64
		{A84F2CE1-45B0-4F5D-B9F0-AC1FBE20FBE1}.Win8 Release|Mixed Platforms.ActiveCfg = Win8 Release|Win32
		{A84F2CE1-45B0-4F5D-B9F0-AC1FBE20FBE1}.Win8 Release|Mixed Platforms.Build.0 = Win8 Release|Win32
		{A84F2CE1-45B0-4F5D-B9F0-AC1FBE20FBE1}.Win8 Release|Win32.ActiveCfg = Win8 Release|Win32
		{A84F2CE1-45B0-4F5D-B9F0-AC1FBE20FBE1}.Win8 Release|Win32.Build.0 = Win8 Release|Win32
		{A84F2CE1-45B0-4F5D-B9F0-AC1FBE20FBE1}.Win8 Release|Win32.Deploy.0 = Win8 Release|Win32
		{A84F2CE1-45B0-4F5D-B9F0-AC1FBE20FBE1}.Win8 Release|x64.ActiveCfg = Win8 Release|x64
		{A84F2CE1-45B0-4F5D-B9F0-AC1FBE20FBE1}.Win8 Release|x64.Build.0 = Win8 Release|x64
		{A84F2CE1-45B0-4F5D-B9F0-AC1FBE20FBE1}.Win8 Release|x64.Deploy.0 = Win8 Release|x64
		{A84F2CE1-45B0-4F5D-B9F0-AC1FBE20FBE1}.Win8.1 Debug|Mixed Platforms.ActiveCfg = Win8.1 Debug|Win32
		{A84F2CE1-45B0-4F5D-B9F0-AC1FBE20FBE1}.Win8.1 Debug|Mixed Platforms.Build.0 = Win8.1 Debug|Win32
		{A84F2CE1-45B0-4F5D-B9F0-AC1FBE20FBE1}.Win8.1 Debug|Win32.ActiveCfg = Win8.1 Debug|Win32
		{A84F2CE1-45B0-4F5D-B9F0-AC1FBE20FBE1}.Win8.1 Debug|Win32.Build.0 = Win8.1 Debug|Win32
		{A84F2CE1-45B0-4F5D-B9F0-AC1FBE20FBE1}.Win8.1 Debug|Win32.Deploy.0 = Win8.1 Debug|Win32
		{A84F2CE1-45B0-4F5D-B9F0-AC1FBE20FBE1}.Win8.1 Debug|x64.ActiveCfg = Win8.1 Debug|x64
		{A84F2CE1-45B0-4F5D-B9F0-AC1FBE20FBE1}.Win8.1 Debug|x64.Build.0 = Win8.1 Debug|x64
		{A84F2CE1-45B0-4F5D-B9F0-AC1FBE20FBE1}.Win8.1 Debug|x64.Deploy.0 = Win8.1 Debug|x64
		{A84F2CE1-45B0-4F5D-B9F0-AC1FBE20FBE1}.Win8.1 Release|Mixed Platforms.ActiveCfg = Win8.1 Release|Win32
		{A84F2CE1-45B0-4F5D-B9F0-AC1FBE20FBE1}.Win8.1 Release|Mixed Platforms.Build.0 = Win8.1 Release|Win32
		{A84F2CE1-45B0-4F5D-B9F0-AC1FBE20FBE1}.Win8.1 Release|Win32.ActiveCfg = Win8.1 Release|Win32
		{A84F2CE1-45B0-4F5D-B9F0-AC1FBE20FBE1}.Win8.1 Release|Win32.Build.0 = Win8.1 Release|Win32
		{A84F2CE1-45B0-4F5D-B9F0-AC1FBE20FBE1}.Win8.1 Release|Win32.Deploy.0 = Win8.1 Release|Win32
		{A84F2CE1-45B0-4F5D-B9F0-AC1FBE20FBE1}.Win8.1 Release|x64.ActiveCfg = Win8.1 Release|x64
		{A84F2CE1-45B0-4F5D-B9F0-AC1FBE20FBE1}.Win8.1 Release|x64.Build.0 = Win8.1 Release|x64
		{A84F2CE1-45B0-4F5D-B9F0-AC1FBE20FBE1}.Win8.1 Release|x64.Deploy.0 = Win8.1 Release|x64
		{D9358CCB-2F83-4D7C-98C6-AC7AC9ACBA4E}.Debug|Mixed Platforms.ActiveCfg = Win8.1 Debug|Win32
		{D9358CCB-2F83-4D7C-98C6-AC7AC9ACBA4E}.Debug|Mixed Platforms.Build.0 = Win8.1 Debug|Win32
		{D9358CCB-2F83-4D7C-98C6-AC7AC9ACBA4E}.Debug|Win32.ActiveCfg = Win8.1 Debug|Win32
		{D9358CCB-2F83-4D7C-98C6-AC7AC9ACBA4E}.Debug|Win32.Build.0 = Win8.1 Debug|Win32
		{D9358CCB-2F83-4D7C-98C6-AC7AC9ACBA4E}.Debug|x64.ActiveCfg = Win8.1 Debug|x64
		{D9358CCB-2F83-4D7C-98C6-AC7AC9ACBA4E}.Debug|x64.Build.0 = Win8.1 Debug|x64
		{D9358CCB-2F83-4D7C-98C6-AC7AC9ACBA4E}.Debug|x64.Deploy.0 = Win8.1 Debug|x64
		{D9358CCB-2F83-4D7C-98C6-AC7AC9ACBA4E}.Release|Mixed Platforms.ActiveCfg = Win8.1 Release|Win32
		{D9358CCB-2F83-4D7C-98C6-AC7AC9ACBA4E}.Release|Mixed Platforms.Build.0 = Win8.1 Release|Win32
		{D9358CCB-2F83-4D7C-98C6-AC7AC9ACBA4E}.Release|Win32.ActiveCfg = Win8.1 Release|Win32
		{D9358CCB-2F83-4D7C-98C6-AC7AC9ACBA4E}.Release|Win32.Build.0 = Win8.1 Release|Win32
		{D9358CCB-2F83-4D7C-98C6-AC7AC9ACBA4E}.Release|x64.ActiveCfg = Win8.1 Release|x64
		{D9358CCB-2F83-4D7C-98C6-AC7AC9ACBA4E}.Release|x64.Build.0 = Win8.1 Release|x64
		{D9358CCB-2F83-4D7C-98C6-AC7AC9ACBA4E}.Release|x64.Deploy.0 = Win8.1 Release|x64
		{D9358CCB-2F83-4D7C-98C6-AC7AC9ACBA4E}.Win7 Debug|Mixed Platforms.ActiveCfg = Win7 Debug|Win32
		{D9358CCB-2F83-4D7C-98C6-AC7AC9ACBA4E}.Win7 Debug|Mixed Platforms.Build.0 = Win7 Debug|Win32
		{D9358CCB-2F83-4D7C-98C6-AC7AC9ACBA4E}.Win7 Debug|Win32.ActiveCfg = Win7 Debug|Win32
		{D9358CCB-2F83-4D7C-98C6-AC7AC9ACBA4E}.Win7 Debug|Win32.Build.0 = Win7 Debug|Win32
		{D9358CCB-2F83-4D7C-98C6-AC7AC9ACBA4E}.Win7 Debug|x64.ActiveCfg = Win7 Debug|x64
		{D9358CCB-2F83-4D7C-98C6-AC7AC9ACBA4E}.Win7 Debug|x64.Build.0 = Win7 Debug|x64
		{D9358CCB-2F83-4D7C-98C6-AC7AC9ACBA4E}.Win7 Debug|x64.Deploy.0 = Win7 Debug|x64
		{D9358CCB-2F83-4D7C-98C6-AC7AC9ACBA4E}.Win7 Release|Mixed Platforms.ActiveCfg = Win7 Release|Win32
		{D9358CCB-2F83-4D7C-98C6-AC7AC9ACBA4E}.Win7 Release|Mixed Platforms.Build.0 = Win7 Release|Win32
		{D9358CCB-2F83-4D7C-98C6-AC7AC9ACBA4E}.Win7 Release|Win32.ActiveCfg = Win7 Release|Win32
		{D9358CCB-2F83-4D7C-98C6-AC7AC9ACBA4E}.Win7 Release|Win32.Build.0 = Win7 Release|Win32
		{D9358CCB-2F83-4D7C-98C6-AC7AC9ACBA4E}.Win7 Release|x64.ActiveCfg = Win7 Release|x64
		{D9358CCB-2F83-4D7C-98C6-AC7AC9ACBA4E}.Win7 Release|x64.Build.0 = Win7 Release|x64
		{D9358CCB-2F83-4D7C-98C6-AC7AC9ACBA4E}.Win7 Release|x64.Deploy.0 = Win7 Release|x64
		{D9358CCB-2F83-4D7C-98C6-AC7AC9ACBA4E}.Win8 Debug|Mixed Platforms.ActiveCfg = Win8 Debug|Win32
		{D9358CCB-2F83-4D7C-98C6-AC7AC9ACBA4E}.Win8 Debug|Mixed Platforms.Build.0 = Win8 Debug|Win32
		{D9358CCB-2F83-4D7C-98C6-AC7AC9ACBA4E}.Win8 Debug|Win32.ActiveCfg = Win8 Debug|Win32
		{D9358CCB-2F83-4D7C-98C6-AC7AC9ACBA4E}.Win8 Debug|Win32.Build.0 = Win8 Debug|Win32
		{D9358CCB-2F83-4D7C-98C6-AC7AC9ACBA4E}.Win8 Debug|x64.ActiveCfg = Win8 Debug|x64
		{D9358CCB-2F83-4D7C-98C6-AC7AC9ACBA4E}.Win8 Debug|x64.Build.0 = Win8 Debug|x64
		{D9358CCB-2F83-4D7C-98C6-AC7AC9ACBA4E}.Win8 Debug|x64.Deploy.0 = Win8 Debug|x64
		{D9358CCB-2F83-4D7C-98C6-AC7AC9ACBA4E}.Win8 Release|Mixed Platforms.ActiveCfg = Win8 Release|Win32
		{D9358CCB-2F83-4D7C-98C6-AC7AC9ACBA4E}.Win8 Release|Mixed Platforms.Build.0 = Win8 Release|Win32
		{D9358CCB-2F83-4D7C-98C6-AC7AC9ACBA4E}.Win8 Release|Win32.ActiveCfg = Win8 Release|Win32
		{D9358CCB-2F83-4D7C-98C6-AC7AC9ACBA4E}.Win8 Release|Win32.Build.0 = Win8 Release|Win32
		{D9358CCB-2F83-4D7C-98C6-AC7AC9ACBA4E}.Win8 Release|x64.ActiveCfg = Win8 Release|x64
		{D9358CCB-2F83-4D7C-98C6-AC7AC9ACBA4E}.Win8 Release|x64.Build.0 = Win8 Release|x64
		{D9358CCB-2F83-4D7C-98C6-AC7AC9ACBA4E}.Win8 Release|x64.Deploy.0 = Win8 Release|x64
		{D9358CCB-2F83-4D7C-98C6-AC7AC9ACBA4E}.Win8.1 Debug|Mixed Platforms.ActiveCfg = Win8.1 Debug|Win32
		{D9358CCB-2F83-4D7C-98C6-AC7AC9ACBA4E}.Win8.1 Debug|Mixed Platforms.Build.0 = Win8.1 Debug|Win32
		{D9358CCB-2F83-4D7C-98C6-AC7AC9ACBA4E}.Win8.1 Debug|Win32.ActiveCfg = Win8.1 Debug|Win32
		{D9358CCB-2F83-4D7C-98C6-AC7AC9ACBA4E}.Win8.1 Debug|Win32.Build.0 = Win8.1 Debug|Win32
		{D9358CCB-2F83-4D7C-98C6-AC7AC9ACBA4E}.Win8.1 Debug|x64.ActiveCfg = Win8.1 Debug|x64
		{D9358CCB-2F83-4D7C-98C6-AC7AC9ACBA4E}.Win8.1 Debug|x64.Build.0 = Win8.1 Debug|x64
		{D9358CCB-2F83-4D7C-98C6-AC7AC9ACBA4E}.Win8.1 Debug|x64.Deploy.0 = Win8.1 Debug|x64
		{D9358CCB-2F83-4D7C-98C6-AC7AC9ACBA4E}.Win8.1 Release|Mixed Platforms.ActiveCfg = Win8.1 Release|Win32
		{D9358CCB-2F83-4D7C-98C6-AC7AC9ACBA4E}.Win8.1 Release|Mixed Platforms.Build.0 = Win8.1 Release|Win32
		{D9358CCB-2F83-4D7C-98C6-AC7AC9ACBA4E}.Win8.1 Release|Win32.ActiveCfg = Win8.1 Release|Win32
		{D9358CCB-2F83-4D7C-98C6-AC7AC9ACBA4E}.Win8.1 Release|Win32.Build.0 = Win8.1 Release|Win32
		{D9358CCB-2F83-4D7C-98C6-AC7AC9ACBA4E}.Win8.1 Release|x64.ActiveCfg = Win8.1 Release|x64
		{D9358CCB-2F83-4D7C-98C6-AC7AC9ACBA4E}.Win8.1 Release|x64.Build.0 = Win8.1 Release|x64
		{D9358CCB-2F83-4D7C-98C6-AC7AC9ACBA4E}.Win8.1 Release|x64.Deploy.0 = Win8.1 Release|x64
	EndGlobalSection
	GlobalSection(SolutionProperties) = preSolution
		HideSolutionNode = FALSE
	EndGlobalSection
EndGlobal
